
Microsoft Visual Studio Solution File, Format Version 12.00
# Visual Studio Version 17
VisualStudioVersion = 17.5.33627.172
MinimumVisualStudioVersion = 10.0.40219.1
Project("{FAE04EC0-301F-11D3-BF4B-00C04F79EFBC}") = "MVCapp2", "MVCapp2\MVCapp2.csproj", "{A7BACD72-D729-4FE1-A059-8726DF90B8DB}"
EndProject
Global
	GlobalSection(SolutionConfigurationPlatforms) = preSolution
		Debug|Any CPU = Debug|Any CPU
		Release|Any CPU = Release|Any CPU
	EndGlobalSection
	GlobalSection(ProjectConfigurationPlatforms) = postSolution
		{A7BACD72-D729-4FE1-A059-8726DF90B8DB}.Debug|Any CPU.ActiveCfg = Debug|Any CPU
		{A7BACD72-D729-4FE1-A059-8726DF90B8DB}.Debug|Any CPU.Build.0 = Debug|Any CPU
		{A7BACD72-D729-4FE1-A059-8726DF90B8DB}.Release|Any CPU.ActiveCfg = Release|Any CPU
		{A7BACD72-D729-4FE1-A059-8726DF90B8DB}.Release|Any CPU.Build.0 = Release|Any CPU
	EndGlobalSection
	GlobalSection(SolutionProperties) = preSolution
		HideSolutionNode = FALSE
	EndGlobalSection
	GlobalSection(ExtensibilityGlobals) = postSolution
		SolutionGuid = {1DA61EAC-9211-45F9-8825-F6555292CFEB}
	EndGlobalSection
EndGlobal
